
Microsoft Visual Studio Solution File, Format Version 12.00
# Visual Studio 2013
VisualStudioVersion = 12.0.31101.0
MinimumVisualStudioVersion = 10.0.40219.1
Project("{8BC9CEB8-8B4A-11D0-8D11-00A0C91BC942}") = "test", "test\test.vcxproj", "{36E45DAF-D2EC-4660-B84F-3BC72664643E}"
EndProject
Project("{8BC9CEB8-8B4A-11D0-8D11-00A0C91BC942}") = "testdll", "testdll\testdll.vcxproj", "{583AA2B8-B981-4DE9-A374-47EC9F817C5E}"
EndProject
Project("{8BC9CEB8-8B4A-11D0-8D11-00A0C91BC942}") = "dl", "dl\dl.vcxproj", "{2AEB7143-35F8-488A-9414-CA4B0B45D16E}"
EndProject
Project("{2150E333-8FDC-42A3-9474-1A3956D46DE8}") = "Solution Items", "Solution Items", "{AE2D21E7-B4C2-4AD8-BA4E-C86DC62857C7}"
	ProjectSection(SolutionItems) = preProject
		..\..\.gitignore = ..\..\.gitignore
	EndProjectSection
EndProject
Global
	GlobalSection(SolutionConfigurationPlatforms) = preSolution
		Debug|ARM = Debug|ARM
		Debug|Win32 = Debug|Win32
		Debug|x64 = Debug|x64
		DebugStatic|ARM = DebugStatic|ARM
		DebugStatic|Win32 = DebugStatic|Win32
		DebugStatic|x64 = DebugStatic|x64
		Release|ARM = Release|ARM
		Release|Win32 = Release|Win32
		Release|x64 = Release|x64
		ReleaseStatic|ARM = ReleaseStatic|ARM
		ReleaseStatic|Win32 = ReleaseStatic|Win32
		ReleaseStatic|x64 = ReleaseStatic|x64
	EndGlobalSection
	GlobalSection(ProjectConfigurationPlatforms) = postSolution
		{36E45DAF-D2EC-4660-B84F-3BC72664643E}.Debug|ARM.ActiveCfg = ReleaseStatic|x64
		{36E45DAF-D2EC-4660-B84F-3BC72664643E}.Debug|ARM.Build.0 = ReleaseStatic|x64
		{36E45DAF-D2EC-4660-B84F-3BC72664643E}.Debug|Win32.ActiveCfg = Debug|Win32
		{36E45DAF-D2EC-4660-B84F-3BC72664643E}.Debug|Win32.Build.0 = Debug|Win32
		{36E45DAF-D2EC-4660-B84F-3BC72664643E}.Debug|x64.ActiveCfg = Debug|x64
		{36E45DAF-D2EC-4660-B84F-3BC72664643E}.Debug|x64.Build.0 = Debug|x64
		{36E45DAF-D2EC-4660-B84F-3BC72664643E}.DebugStatic|ARM.ActiveCfg = ReleaseStatic|x64
		{36E45DAF-D2EC-4660-B84F-3BC72664643E}.DebugStatic|ARM.Build.0 = ReleaseStatic|x64
		{36E45DAF-D2EC-4660-B84F-3BC72664643E}.DebugStatic|Win32.ActiveCfg = DebugStatic|Win32
		{36E45DAF-D2EC-4660-B84F-3BC72664643E}.DebugStatic|Win32.Build.0 = DebugStatic|Win32
		{36E45DAF-D2EC-4660-B84F-3BC72664643E}.DebugStatic|x64.ActiveCfg = DebugStatic|x64
		{36E45DAF-D2EC-4660-B84F-3BC72664643E}.DebugStatic|x64.Build.0 = DebugStatic|x64
		{36E45DAF-D2EC-4660-B84F-3BC72664643E}.Release|ARM.ActiveCfg = ReleaseStatic|x64
		{36E45DAF-D2EC-4660-B84F-3BC72664643E}.Release|ARM.Build.0 = ReleaseStatic|x64
		{36E45DAF-D2EC-4660-B84F-3BC72664643E}.Release|Win32.ActiveCfg = Release|Win32
		{36E45DAF-D2EC-4660-B84F-3BC72664643E}.Release|Win32.Build.0 = Release|Win32
		{36E45DAF-D2EC-4660-B84F-3BC72664643E}.Release|x64.ActiveCfg = Release|x64
		{36E45DAF-D2EC-4660-B84F-3BC72664643E}.Release|x64.Build.0 = Release|x64
		{36E45DAF-D2EC-4660-B84F-3BC72664643E}.ReleaseStatic|ARM.ActiveCfg = ReleaseStatic|x64
		{36E45DAF-D2EC-4660-B84F-3BC72664643E}.ReleaseStatic|ARM.Build.0 = ReleaseStatic|x64
		{36E45DAF-D2EC-4660-B84F-3BC72664643E}.ReleaseStatic|Win32.ActiveCfg = ReleaseStatic|Win32
		{36E45DAF-D2EC-4660-B84F-3BC72664643E}.ReleaseStatic|Win32.Build.0 = ReleaseStatic|Win32
		{36E45DAF-D2EC-4660-B84F-3BC72664643E}.ReleaseStatic|x64.ActiveCfg = ReleaseStatic|x64
		{36E45DAF-D2EC-4660-B84F-3BC72664643E}.ReleaseStatic|x64.Build.0 = ReleaseStatic|x64
		{583AA2B8-B981-4DE9-A374-47EC9F817C5E}.Debug|ARM.ActiveCfg = ReleaseStatic|x64
		{583AA2B8-B981-4DE9-A374-47EC9F817C5E}.Debug|ARM.Build.0 = ReleaseStatic|x64
		{583AA2B8-B981-4DE9-A374-47EC9F817C5E}.Debug|Win32.ActiveCfg = Debug|Win32
		{583AA2B8-B981-4DE9-A374-47EC9F817C5E}.Debug|Win32.Build.0 = Debug|Win32
		{583AA2B8-B981-4DE9-A374-47EC9F817C5E}.Debug|x64.ActiveCfg = Debug|x64
		{583AA2B8-B981-4DE9-A374-47EC9F817C5E}.Debug|x64.Build.0 = Debug|x64
		{583AA2B8-B981-4DE9-A374-47EC9F817C5E}.DebugStatic|ARM.ActiveCfg = ReleaseStatic|x64
		{583AA2B8-B981-4DE9-A374-47EC9F817C5E}.DebugStatic|ARM.Build.0 = ReleaseStatic|x64
		{583AA2B8-B981-4DE9-A374-47EC9F817C5E}.DebugStatic|Win32.ActiveCfg = DebugStatic|Win32
		{583AA2B8-B981-4DE9-A374-47EC9F817C5E}.DebugStatic|Win32.Build.0 = DebugStatic|Win32
		{583AA2B8-B981-4DE9-A374-47EC9F817C5E}.DebugStatic|x64.ActiveCfg = DebugStatic|x64
		{583AA2B8-B981-4DE9-A374-47EC9F817C5E}.DebugStatic|x64.Build.0 = DebugStatic|x64
		{583AA2B8-B981-4DE9-A374-47EC9F817C5E}.Release|ARM.ActiveCfg = ReleaseStatic|x64
		{583AA2B8-B981-4DE9-A374-47EC9F817C5E}.Release|ARM.Build.0 = ReleaseStatic|x64
		{583AA2B8-B981-4DE9-A374-47EC9F817C5E}.Release|Win32.ActiveCfg = Release|Win32
		{583AA2B8-B981-4DE9-A374-47EC9F817C5E}.Release|Win32.Build.0 = Release|Win32
		{583AA2B8-B981-4DE9-A374-47EC9F817C5E}.Release|x64.ActiveCfg = Release|x64
		{583AA2B8-B981-4DE9-A374-47EC9F817C5E}.Release|x64.Build.0 = Release|x64
		{583AA2B8-B981-4DE9-A374-47EC9F817C5E}.ReleaseStatic|ARM.ActiveCfg = ReleaseStatic|x64
		{583AA2B8-B981-4DE9-A374-47EC9F817C5E}.ReleaseStatic|ARM.Build.0 = ReleaseStatic|x64
		{583AA2B8-B981-4DE9-A374-47EC9F817C5E}.ReleaseStatic|Win32.ActiveCfg = ReleaseStatic|Win32
		{583AA2B8-B981-4DE9-A374-47EC9F817C5E}.ReleaseStatic|Win32.Build.0 = ReleaseStatic|Win32
		{583AA2B8-B981-4DE9-A374-47EC9F817C5E}.ReleaseStatic|x64.ActiveCfg = ReleaseStatic|x64
		{583AA2B8-B981-4DE9-A374-47EC9F817C5E}.ReleaseStatic|x64.Build.0 = ReleaseStatic|x64
		{2AEB7143-35F8-488A-9414-CA4B0B45D16E}.Debug|ARM.ActiveCfg = ReleaseStatic|x64
		{2AEB7143-35F8-488A-9414-CA4B0B45D16E}.Debug|ARM.Build.0 = ReleaseStatic|x64
		{2AEB7143-35F8-488A-9414-CA4B0B45D16E}.Debug|Win32.ActiveCfg = Debug|Win32
		{2AEB7143-35F8-488A-9414-CA4B0B45D16E}.Debug|Win32.Build.0 = Debug|Win32
		{2AEB7143-35F8-488A-9414-CA4B0B45D16E}.Debug|x64.ActiveCfg = Debug|x64
		{2AEB7143-35F8-488A-9414-CA4B0B45D16E}.Debug|x64.Build.0 = Debug|x64
		{2AEB7143-35F8-488A-9414-CA4B0B45D16E}.DebugStatic|ARM.ActiveCfg = ReleaseStatic|x64
		{2AEB7143-35F8-488A-9414-CA4B0B45D16E}.DebugStatic|ARM.Build.0 = ReleaseStatic|x64
		{2AEB7143-35F8-488A-9414-CA4B0B45D16E}.DebugStatic|Win32.ActiveCfg = DebugStatic|Win32
		{2AEB7143-35F8-488A-9414-CA4B0B45D16E}.DebugStatic|Win32.Build.0 = DebugStatic|Win32
		{2AEB7143-35F8-488A-9414-CA4B0B45D16E}.DebugStatic|x64.ActiveCfg = DebugStatic|x64
		{2AEB7143-35F8-488A-9414-CA4B0B45D16E}.DebugStatic|x64.Build.0 = DebugStatic|x64
		{2AEB7143-35F8-488A-9414-CA4B0B45D16E}.Release|ARM.ActiveCfg = ReleaseStatic|x64
		{2AEB7143-35F8-488A-9414-CA4B0B45D16E}.Release|ARM.Build.0 = ReleaseStatic|x64
		{2AEB7143-35F8-488A-9414-CA4B0B45D16E}.Release|Win32.ActiveCfg = Release|Win32
		{2AEB7143-35F8-488A-9414-CA4B0B45D16E}.Release|Win32.Build.0 = Release|Win32
		{2AEB7143-35F8-488A-9414-CA4B0B45D16E}.Release|x64.ActiveCfg = Release|x64
		{2AEB7143-35F8-488A-9414-CA4B0B45D16E}.Release|x64.Build.0 = Release|x64
		{2AEB7143-35F8-488A-9414-CA4B0B45D16E}.ReleaseStatic|ARM.ActiveCfg = ReleaseStatic|x64
		{2AEB7143-35F8-488A-9414-CA4B0B45D16E}.ReleaseStatic|ARM.Build.0 = ReleaseStatic|x64
		{2AEB7143-35F8-488A-9414-CA4B0B45D16E}.ReleaseStatic|Win32.ActiveCfg = ReleaseStatic|Win32
		{2AEB7143-35F8-488A-9414-CA4B0B45D16E}.ReleaseStatic|Win32.Build.0 = ReleaseStatic|Win32
		{2AEB7143-35F8-488A-9414-CA4B0B45D16E}.ReleaseStatic|x64.ActiveCfg = ReleaseStatic|x64
		{2AEB7143-35F8-488A-9414-CA4B0B45D16E}.ReleaseStatic|x64.Build.0 = ReleaseStatic|x64
	EndGlobalSection
	GlobalSection(SolutionProperties) = preSolution
		HideSolutionNode = FALSE
	EndGlobalSection
EndGlobal
